
Microsoft Visual Studio Solution File, Format Version 12.00
# Visual Studio Version 17
VisualStudioVersion = 17.2.32630.192
MinimumVisualStudioVersion = 10.0.40219.1
Project("{8BC9CEB8-8B4A-11D0-8D11-00A0C91BC942}") = "LearningOpenGL", "LearningOpenGL.vcxproj", "{651385AF-6C04-4396-BC82-B5FAED088DDA}"
EndProject
Global
	GlobalSection(SolutionConfigurationPlatforms) = preSolution
		Debug|x64 = Debug|x64
		Debug|x86 = Debug|x86
		Release|x64 = Release|x64
		Release|x86 = Release|x86
	EndGlobalSection
	GlobalSection(ProjectConfigurationPlatforms) = postSolution
		{651385AF-6C04-4396-BC82-B5FAED088DDA}.Debug|x64.ActiveCfg = Debug|x64
		{651385AF-6C04-4396-BC82-B5FAED088DDA}.Debug|x64.Build.0 = Debug|x64
		{651385AF-6C04-4396-BC82-B5FAED088DDA}.Debug|x86.ActiveCfg = Debug|Win32
		{651385AF-6C04-4396-BC82-B5FAED088DDA}.Debug|x86.Build.0 = Debug|Win32
		{651385AF-6C04-4396-BC82-B5FAED088DDA}.Release|x64.ActiveCfg = Release|x64
		{651385AF-6C04-4396-BC82-B5FAED088DDA}.Release|x64.Build.0 = Release|x64
		{651385AF-6C04-4396-BC82-B5FAED088DDA}.Release|x86.ActiveCfg = Release|Win32
		{651385AF-6C04-4396-BC82-B5FAED088DDA}.Release|x86.Build.0 = Release|Win32
	EndGlobalSection
	GlobalSection(SolutionProperties) = preSolution
		HideSolutionNode = FALSE
	EndGlobalSection
	GlobalSection(ExtensibilityGlobals) = postSolution
		SolutionGuid = {075FF0F8-1689-451A-ADE6-7BCDAED74509}
	EndGlobalSection
EndGlobal
